
Microsoft Visual Studio Solution File, Format Version 12.00
# Visual Studio 15
VisualStudioVersion = 15.0.27130.2027
MinimumVisualStudioVersion = 10.0.40219.1
Project("{FAE04EC0-301F-11D3-BF4B-00C04F79EFBC}") = "dentist2", "dentist2\dentist2.csproj", "{7460DAE7-B104-4A13-8A2D-2DC156CE226C}"
EndProject
Global
	GlobalSection(SolutionConfigurationPlatforms) = preSolution
		Debug|Any CPU = Debug|Any CPU
		Release|Any CPU = Release|Any CPU
	EndGlobalSection
	GlobalSection(ProjectConfigurationPlatforms) = postSolution
		{7460DAE7-B104-4A13-8A2D-2DC156CE226C}.Debug|Any CPU.ActiveCfg = Debug|Any CPU
		{7460DAE7-B104-4A13-8A2D-2DC156CE226C}.Debug|Any CPU.Build.0 = Debug|Any CPU
		{7460DAE7-B104-4A13-8A2D-2DC156CE226C}.Release|Any CPU.ActiveCfg = Release|Any CPU
		{7460DAE7-B104-4A13-8A2D-2DC156CE226C}.Release|Any CPU.Build.0 = Release|Any CPU
	EndGlobalSection
	GlobalSection(SolutionProperties) = preSolution
		HideSolutionNode = FALSE
	EndGlobalSection
	GlobalSection(ExtensibilityGlobals) = postSolution
		SolutionGuid = {2C79B515-6471-4623-B185-8BAFE33CF5BA}
	EndGlobalSection
EndGlobal
